{
    "version": 3,
    "terraform_version": "0.11.7",
    "serial": 47,
    "lineage": "cd57f967-63b0-06cc-9984-4997716c8ce2",
    "modules": [
        {
            "path": [
                "root"
            ],
            "outputs": {
                "config-map-aws-auth": {
                    "sensitive": false,
                    "type": "string",
                    "value": "\n\napiVersion: v1\nkind: ConfigMap\nmetadata:\n  name: aws-auth\n  namespace: kube-system\ndata:\n  mapRoles: |\n    - rolearn: arn:aws:iam::969526043371:role/eks-robmetrics-node\n      username: system:node:{{EC2PrivateDNSName}}\n      groups:\n        - system:bootstrappers\n        - system:nodes\n"
                },
                "dns_name": {
                    "sensitive": false,
                    "type": "string",
                    "value": "fs-b389d21a.efs.us-west-2.amazonaws.com"
                },
                "file_system_id": {
                    "sensitive": false,
                    "type": "string",
                    "value": "fs-b389d21a"
                },
                "mount_target_ids": {
                    "sensitive": false,
                    "type": "string",
                    "value": "fsmt-c637776f,fsmt-d9377770,fsmt-d8377771"
                },
                "mount_target_interface_ids": {
                    "sensitive": false,
                    "type": "string",
                    "value": "eni-060c890d286ce7682,eni-05e6800625b18af40,eni-0260465e408580ef5"
                },
                "name": {
                    "sensitive": false,
                    "type": "string",
                    "value": "efs"
                },
                "security_group_id": {
                    "sensitive": false,
                    "type": "string",
                    "value": "sg-09723c0391e490442"
                }
            },
            "resources": {
                "aws_autoscaling_group.robmetrics": {
                    "type": "aws_autoscaling_group",
                    "depends_on": [
                        "aws_launch_configuration.robmetrics",
                        "aws_subnet.robmetrics.*"
                    ],
                    "primary": {
                        "id": "eks-robmetrics",
                        "attributes": {
                            "arn": "arn:aws:autoscaling:us-west-2:969526043371:autoScalingGroup:0e2c1938-144b-4f11-84d2-93f4be4f19c1:autoScalingGroupName/eks-robmetrics",
                            "availability_zones.#": "3",
                            "availability_zones.2050015877": "us-west-2c",
                            "availability_zones.221770259": "us-west-2b",
                            "availability_zones.2487133097": "us-west-2a",
                            "default_cooldown": "300",
                            "desired_capacity": "0",
                            "enabled_metrics.#": "0",
                            "force_delete": "false",
                            "health_check_grace_period": "300",
                            "health_check_type": "EC2",
                            "id": "eks-robmetrics",
                            "launch_configuration": "eks-robmetrics20180830130139651200000001",
                            "launch_template.#": "0",
                            "load_balancers.#": "0",
                            "max_size": "5",
                            "metrics_granularity": "1Minute",
                            "min_size": "0",
                            "name": "eks-robmetrics",
                            "placement_group": "",
                            "protect_from_scale_in": "false",
                            "service_linked_role_arn": "arn:aws:iam::969526043371:role/aws-service-role/autoscaling.amazonaws.com/AWSServiceRoleForAutoScaling",
                            "suspended_processes.#": "0",
                            "tag.#": "2",
                            "tag.1347716984.key": "Name",
                            "tag.1347716984.propagate_at_launch": "true",
                            "tag.1347716984.value": "eks-robmetrics",
                            "tag.3753352657.key": "kubernetes.io/cluster/eks-robmetrics",
                            "tag.3753352657.propagate_at_launch": "true",
                            "tag.3753352657.value": "owned",
                            "target_group_arns.#": "0",
                            "termination_policies.#": "0",
                            "vpc_zone_identifier.#": "3",
                            "vpc_zone_identifier.1732668981": "subnet-04dbec3b20609d635",
                            "vpc_zone_identifier.3767169402": "subnet-062a5ca110017ab0f",
                            "vpc_zone_identifier.490231935": "subnet-075bcc04f8a112b73",
                            "wait_for_capacity_timeout": "10m"
                        },
                        "meta": {
                            "e2bfb730-ecaa-11e6-8f88-34363bc7c4c0": {
                                "delete": 600000000000
                            }
                        },
                        "tainted": false
                    },
                    "deposed": [],
                    "provider": "provider.aws"
                },
                "aws_efs_file_system.efs": {
                    "type": "aws_efs_file_system",
                    "depends_on": [],
                    "primary": {
                        "id": "fs-b389d21a",
                        "attributes": {
                            "creation_token": "my-efs",
                            "dns_name": "fs-b389d21a.efs.us-west-2.amazonaws.com",
                            "encrypted": "true",
                            "id": "fs-b389d21a",
                            "kms_key_id": "arn:aws:kms:us-west-2:969526043371:key/1fc4d7a5-66cb-4501-991c-bc397b8db25f",
                            "performance_mode": "generalPurpose",
                            "provisioned_throughput_in_mibps": "0",
                            "tags.%": "2",
                            "tags.Name": "efs",
                            "tags.Purpose": "Container data mount",
                            "throughput_mode": "bursting"
                        },
                        "meta": {},
                        "tainted": false
                    },
                    "deposed": [],
                    "provider": "provider.aws"
                },
                "aws_efs_mount_target.efs.0": {
                    "type": "aws_efs_mount_target",
                    "depends_on": [
                        "aws_efs_file_system.efs",
                        "aws_security_group.efs",
                        "data.aws_subnet_ids.eks-robmetrics-node"
                    ],
                    "primary": {
                        "id": "fsmt-c637776f",
                        "attributes": {
                            "dns_name": "fs-b389d21a.efs.us-west-2.amazonaws.com",
                            "file_system_id": "fs-b389d21a",
                            "id": "fsmt-c637776f",
                            "ip_address": "10.1.1.28",
                            "network_interface_id": "eni-060c890d286ce7682",
                            "security_groups.#": "1",
                            "security_groups.665495163": "sg-09723c0391e490442",
                            "subnet_id": "subnet-075bcc04f8a112b73"
                        },
                        "meta": {},
                        "tainted": false
                    },
                    "deposed": [],
                    "provider": "provider.aws"
                },
                "aws_efs_mount_target.efs.1": {
                    "type": "aws_efs_mount_target",
                    "depends_on": [
                        "aws_efs_file_system.efs",
                        "aws_security_group.efs",
                        "data.aws_subnet_ids.eks-robmetrics-node"
                    ],
                    "primary": {
                        "id": "fsmt-d9377770",
                        "attributes": {
                            "dns_name": "fs-b389d21a.efs.us-west-2.amazonaws.com",
                            "file_system_id": "fs-b389d21a",
                            "id": "fsmt-d9377770",
                            "ip_address": "10.1.0.193",
                            "network_interface_id": "eni-05e6800625b18af40",
                            "security_groups.#": "1",
                            "security_groups.665495163": "sg-09723c0391e490442",
                            "subnet_id": "subnet-04dbec3b20609d635"
                        },
                        "meta": {},
                        "tainted": false
                    },
                    "deposed": [],
                    "provider": "provider.aws"
                },
                "aws_efs_mount_target.efs.2": {
                    "type": "aws_efs_mount_target",
                    "depends_on": [
                        "aws_efs_file_system.efs",
                        "aws_security_group.efs",
                        "data.aws_subnet_ids.eks-robmetrics-node"
                    ],
                    "primary": {
                        "id": "fsmt-d8377771",
                        "attributes": {
                            "dns_name": "fs-b389d21a.efs.us-west-2.amazonaws.com",
                            "file_system_id": "fs-b389d21a",
                            "id": "fsmt-d8377771",
                            "ip_address": "10.1.2.225",
                            "network_interface_id": "eni-0260465e408580ef5",
                            "security_groups.#": "1",
                            "security_groups.665495163": "sg-09723c0391e490442",
                            "subnet_id": "subnet-062a5ca110017ab0f"
                        },
                        "meta": {},
                        "tainted": false
                    },
                    "deposed": [],
                    "provider": "provider.aws"
                },
                "aws_iam_instance_profile.robmetrics-node": {
                    "type": "aws_iam_instance_profile",
                    "depends_on": [
                        "aws_iam_role.robmetrics-node"
                    ],
                    "primary": {
                        "id": "eks-robmetrics",
                        "attributes": {
                            "arn": "arn:aws:iam::969526043371:instance-profile/eks-robmetrics",
                            "create_date": "2018-08-16T13:02:16Z",
                            "id": "eks-robmetrics",
                            "name": "eks-robmetrics",
                            "path": "/",
                            "role": "eks-robmetrics-node",
                            "roles.#": "1",
                            "roles.1977229749": "eks-robmetrics-node",
                            "unique_id": "AIPAIBLJPASEZSRO2RFJC"
                        },
                        "meta": {},
                        "tainted": false
                    },
                    "deposed": [],
                    "provider": "provider.aws"
                },
                "aws_iam_role.robmetrics-cluster": {
                    "type": "aws_iam_role",
                    "depends_on": [],
                    "primary": {
                        "id": "eks-robmetrics-cluster",
                        "attributes": {
                            "arn": "arn:aws:iam::969526043371:role/eks-robmetrics-cluster",
                            "assume_role_policy": "{\"Version\":\"2012-10-17\",\"Statement\":[{\"Effect\":\"Allow\",\"Principal\":{\"Service\":\"eks.amazonaws.com\"},\"Action\":\"sts:AssumeRole\"}]}",
                            "create_date": "2018-08-16T13:02:15Z",
                            "description": "",
                            "force_detach_policies": "false",
                            "id": "eks-robmetrics-cluster",
                            "max_session_duration": "3600",
                            "name": "eks-robmetrics-cluster",
                            "path": "/",
                            "unique_id": "AROAIOQNDWBRR7VEEKG3K"
                        },
                        "meta": {},
                        "tainted": false
                    },
                    "deposed": [],
                    "provider": "provider.aws"
                },
                "aws_iam_role.robmetrics-node": {
                    "type": "aws_iam_role",
                    "depends_on": [],
                    "primary": {
                        "id": "eks-robmetrics-node",
                        "attributes": {
                            "arn": "arn:aws:iam::969526043371:role/eks-robmetrics-node",
                            "assume_role_policy": "{\"Version\":\"2012-10-17\",\"Statement\":[{\"Effect\":\"Allow\",\"Principal\":{\"Service\":\"ec2.amazonaws.com\"},\"Action\":\"sts:AssumeRole\"}]}",
                            "create_date": "2018-08-16T13:02:15Z",
                            "description": "",
                            "force_detach_policies": "false",
                            "id": "eks-robmetrics-node",
                            "max_session_duration": "3600",
                            "name": "eks-robmetrics-node",
                            "path": "/",
                            "unique_id": "AROAJQLIGLKU4R5KDFOUU"
                        },
                        "meta": {},
                        "tainted": false
                    },
                    "deposed": [],
                    "provider": "provider.aws"
                },
                "aws_iam_role_policy_attachment.robmetrics-cluster-AmazonEKSClusterPolicy": {
                    "type": "aws_iam_role_policy_attachment",
                    "depends_on": [
                        "aws_iam_role.robmetrics-cluster"
                    ],
                    "primary": {
                        "id": "eks-robmetrics-cluster-20180816130216805900000004",
                        "attributes": {
                            "id": "eks-robmetrics-cluster-20180816130216805900000004",
                            "policy_arn": "arn:aws:iam::aws:policy/AmazonEKSClusterPolicy",
                            "role": "eks-robmetrics-cluster"
                        },
                        "meta": {},
                        "tainted": false
                    },
                    "deposed": [],
                    "provider": "provider.aws"
                },
                "aws_iam_role_policy_attachment.robmetrics-cluster-AmazonEKSServicePolicy": {
                    "type": "aws_iam_role_policy_attachment",
                    "depends_on": [
                        "aws_iam_role.robmetrics-cluster"
                    ],
                    "primary": {
                        "id": "eks-robmetrics-cluster-20180816130216806300000005",
                        "attributes": {
                            "id": "eks-robmetrics-cluster-20180816130216806300000005",
                            "policy_arn": "arn:aws:iam::aws:policy/AmazonEKSServicePolicy",
                            "role": "eks-robmetrics-cluster"
                        },
                        "meta": {},
                        "tainted": false
                    },
                    "deposed": [],
                    "provider": "provider.aws"
                },
                "aws_iam_role_policy_attachment.robmetrics-node-AmazonEC2ContainerRegistryReadOnly": {
                    "type": "aws_iam_role_policy_attachment",
                    "depends_on": [
                        "aws_iam_role.robmetrics-node"
                    ],
                    "primary": {
                        "id": "eks-robmetrics-node-20180816130216773200000003",
                        "attributes": {
                            "id": "eks-robmetrics-node-20180816130216773200000003",
                            "policy_arn": "arn:aws:iam::aws:policy/AmazonEC2ContainerRegistryReadOnly",
                            "role": "eks-robmetrics-node"
                        },
                        "meta": {},
                        "tainted": false
                    },
                    "deposed": [],
                    "provider": "provider.aws"
                },
                "aws_iam_role_policy_attachment.robmetrics-node-AmazonEKSWorkerNodePolicy": {
                    "type": "aws_iam_role_policy_attachment",
                    "depends_on": [
                        "aws_iam_role.robmetrics-node"
                    ],
                    "primary": {
                        "id": "eks-robmetrics-node-20180816130216773000000002",
                        "attributes": {
                            "id": "eks-robmetrics-node-20180816130216773000000002",
                            "policy_arn": "arn:aws:iam::aws:policy/AmazonEKSWorkerNodePolicy",
                            "role": "eks-robmetrics-node"
                        },
                        "meta": {},
                        "tainted": false
                    },
                    "deposed": [],
                    "provider": "provider.aws"
                },
                "aws_iam_role_policy_attachment.robmetrics-node-AmazonEKS_CNI_Policy": {
                    "type": "aws_iam_role_policy_attachment",
                    "depends_on": [
                        "aws_iam_role.robmetrics-node"
                    ],
                    "primary": {
                        "id": "eks-robmetrics-node-20180816130216772600000001",
                        "attributes": {
                            "id": "eks-robmetrics-node-20180816130216772600000001",
                            "policy_arn": "arn:aws:iam::aws:policy/AmazonEKS_CNI_Policy",
                            "role": "eks-robmetrics-node"
                        },
                        "meta": {},
                        "tainted": false
                    },
                    "deposed": [],
                    "provider": "provider.aws"
                },
                "aws_internet_gateway.robmetrics": {
                    "type": "aws_internet_gateway",
                    "depends_on": [
                        "aws_vpc.robmetrics"
                    ],
                    "primary": {
                        "id": "igw-07d43dd473284eaf5",
                        "attributes": {
                            "id": "igw-07d43dd473284eaf5",
                            "tags.%": "1",
                            "tags.Name": "eks-robmetrics",
                            "vpc_id": "vpc-0ddb330dcfe64c765"
                        },
                        "meta": {},
                        "tainted": false
                    },
                    "deposed": [],
                    "provider": "provider.aws"
                },
                "aws_launch_configuration.robmetrics": {
                    "type": "aws_launch_configuration",
                    "depends_on": [],
                    "primary": {
                        "id": "eks-robmetrics20180830130139651200000001",
                        "attributes": {
                            "associate_public_ip_address": "true",
                            "ebs_block_device.#": "0",
                            "ebs_optimized": "false",
                            "enable_monitoring": "true",
                            "ephemeral_block_device.#": "0",
                            "iam_instance_profile": "eks-robmetrics",
                            "id": "eks-robmetrics20180830130139651200000001",
                            "image_id": "ami-02415125ccd555295",
                            "instance_type": "t2.medium",
                            "key_name": "oregonkeypair",
                            "name": "eks-robmetrics20180830130139651200000001",
                            "name_prefix": "eks-robmetrics",
                            "root_block_device.#": "0",
                            "security_groups.#": "1",
                            "security_groups.3633063954": "sg-0940585f8e44d326b",
                            "spot_price": "",
                            "user_data_base64": "IyEvYmluL2Jhc2ggLXhlCgpDQV9DRVJUSUZJQ0FURV9ESVJFQ1RPUlk9L2V0Yy9rdWJlcm5ldGVzL3BraQpDQV9DRVJUSUZJQ0FURV9GSUxFX1BBVEg9JENBX0NFUlRJRklDQVRFX0RJUkVDVE9SWS9jYS5jcnQKbWtkaXIgLXAgJENBX0NFUlRJRklDQVRFX0RJUkVDVE9SWQplY2hvICJMUzB0TFMxQ1JVZEpUaUJEUlZKVVNVWkpRMEZVUlMwdExTMHRDazFKU1VONVJFTkRRV0pEWjBGM1NVSkJaMGxDUVVSQlRrSm5hM0ZvYTJsSE9YY3dRa0ZSYzBaQlJFRldUVkpOZDBWUldVUldVVkZFUlhkd2NtUlhTbXdLWTIwMWJHUkhWbnBOUWpSWVJGUkZORTFFWjNoT2FrVjZUVVJyZVU5V2IxaEVWRWswVFVSbmVFMTZSWHBOUkd0NVQxWnZkMFpVUlZSTlFrVkhRVEZWUlFwQmVFMUxZVE5XYVZwWVNuVmFXRkpzWTNwRFEwRlRTWGRFVVZsS1MyOWFTV2gyWTA1QlVVVkNRbEZCUkdkblJWQkJSRU5EUVZGdlEyZG5SVUpCVFVKRUNtaFZlRk4xVVRCSE5VSnBhR1kzZEdKbGJVWkxkR3d3TmtaNWFrRlZhblZ6VmtFM1JWSnBWek5NU0ZReE1ubHFRbmQxY3paNmJHVnlSWEJVV0hocWVtWUtZbFpoYW1GTE1HazVjRGxHTmxNdmRGQjRheXRVYXk5UmRWQk9Va1pKZGtaNWNWbFhVV0pSY1dwYVMyc3ZaVVJaYWxsMVMybzFhVFo1UVhwblJEaDJWd28yTVVwbFduRjBSRmRLV21wRFYxbHdla1IyTm1aV1VUZ3lkbEpYVGxsd1lrRlpTbTFFYW1rM1pTOHpaWEZITWxoeE5sZHpTa3R5T0c5T0szUkdOU3Q0Q2k5Q2RFTnhPVFZ1VEROR1UwNVdiek4xTDFkbE1raFRUbXhWWVd3cmJtUkVWRWxIZFc1WU1tRjViV3RUZDNoWk1FazNhekZoVm1wYVJGUTFNRE5CZDFjS1VUWlVSbGhGVWxGU2R6Qk9lVVJWVmpoNksxbFpPRmsyU1c1UlNuQTBORVZvTWl0WFUzRjVjVzlKTkhkTFNrOXRNbGhJTm1wVU9GSjVRbE50VUd3d1lRcGhNVTVpWVZaQlRXbHRabEUyV1RsMVpUUTRRMEYzUlVGQllVMXFUVU5GZDBSbldVUldVakJRUVZGSUwwSkJVVVJCWjB0clRVRTRSMEV4VldSRmQwVkNDaTkzVVVaTlFVMUNRV1k0ZDBSUldVcExiMXBKYUhaalRrRlJSVXhDVVVGRVoyZEZRa0ZDWWpaTWFFdzRkMjh6VERGak0yTlNVbFpWV0hWcVp6WTROVllLVkd4elRsVnJaak01VGt0SFpEQmhiMnBFWkdJeGRIWnlLemh6WXpNMlJXbDZXa1ZZV0V4T2R6Z3daWHByVDB4VVNsVmxUbU5DVDNsNE9XZzJVMVYyUndwaU5rdFVaM0kzVm1sck1IVktRVVJ4Y1RGM1lWbHFPV2x2VDI5UGJGaHlVMDlqTUdNdk16ZGtjbk5PSzB0MGFsZE1SRzFuY1ZwMGREVkZNMEppZEdkbkNrSlhjSGM0U1hwSk9XY3hXV0ZRTkdVMU5rSm9ibU5qZUVOVE5VSjVWaTkwTUVVMlNGRjVjWEpwZVROVmFGazVUMk50UVZoWlJETTVObGhNUVdSeVRYb0tXR2RsZWxCMlUxbzFRbk0wTmxCNlluaHhTRWxTU0UwelJHSjRaRFZDTVRJMmJtUjRXV05KY3l0WWVVUXZWSFZMVldNME16aFJTa2hZWkd3eFdqTjRTQXBsTTJKaFNqZGxObkZvY2tSdmMwdHdiMkZSTW05RFVHNW9OamhRYldwS1RUUm9jQ3R5ZEVkRFdIRXlZbmxFWmpKNVRrTjZXVTlwVmpaTGN6MEtMUzB0TFMxRlRrUWdRMFZTVkVsR1NVTkJWRVV0TFMwdExRbz0iIHwgYmFzZTY0IC1kID4gICRDQV9DRVJUSUZJQ0FURV9GSUxFX1BBVEgKSU5URVJOQUxfSVA9JChjdXJsIC1zIGh0dHA6Ly8xNjkuMjU0LjE2OS4yNTQvbGF0ZXN0L21ldGEtZGF0YS9sb2NhbC1pcHY0KQpzZWQgLWkgcyxNQVNURVJfRU5EUE9JTlQsaHR0cHM6Ly9CNDA4NjQwOTBFMjFCNTI4Q0QyOTc1MzIxMTUyODZDQy55bDQudXMtd2VzdC0yLmVrcy5hbWF6b25hd3MuY29tLGcgL3Zhci9saWIva3ViZWxldC9rdWJlY29uZmlnCnNlZCAtaSBzLENMVVNURVJfTkFNRSxla3Mtcm9ibWV0cmljcyxnIC92YXIvbGliL2t1YmVsZXQva3ViZWNvbmZpZwpzZWQgLWkgcyxSRUdJT04sdXMtd2VzdC0yLGcgL2V0Yy9zeXN0ZW1kL3N5c3RlbS9rdWJlbGV0LnNlcnZpY2UKc2VkIC1pIHMsTUFYX1BPRFMsMjAsZyAvZXRjL3N5c3RlbWQvc3lzdGVtL2t1YmVsZXQuc2VydmljZQpzZWQgLWkgcyxNQVNURVJfRU5EUE9JTlQsaHR0cHM6Ly9CNDA4NjQwOTBFMjFCNTI4Q0QyOTc1MzIxMTUyODZDQy55bDQudXMtd2VzdC0yLmVrcy5hbWF6b25hd3MuY29tLGcgL2V0Yy9zeXN0ZW1kL3N5c3RlbS9rdWJlbGV0LnNlcnZpY2UKc2VkIC1pIHMsSU5URVJOQUxfSVAsJElOVEVSTkFMX0lQLGcgL2V0Yy9zeXN0ZW1kL3N5c3RlbS9rdWJlbGV0LnNlcnZpY2UKRE5TX0NMVVNURVJfSVA9MTAuMTAwLjAuMTAKaWYgW1sgJElOVEVSTkFMX0lQID09IDEwLiogXV0gOyB0aGVuIEROU19DTFVTVEVSX0lQPTE3Mi4yMC4wLjEwOyBmaQpzZWQgLWkgcyxETlNfQ0xVU1RFUl9JUCwkRE5TX0NMVVNURVJfSVAsZyAvZXRjL3N5c3RlbWQvc3lzdGVtL2t1YmVsZXQuc2VydmljZQpzZWQgLWkgcyxDRVJUSUZJQ0FURV9BVVRIT1JJVFlfRklMRSwkQ0FfQ0VSVElGSUNBVEVfRklMRV9QQVRILGcgL3Zhci9saWIva3ViZWxldC9rdWJlY29uZmlnCnNlZCAtaSBzLENMSUVOVF9DQV9GSUxFLCRDQV9DRVJUSUZJQ0FURV9GSUxFX1BBVEgsZyAgL2V0Yy9zeXN0ZW1kL3N5c3RlbS9rdWJlbGV0LnNlcnZpY2UKc3lzdGVtY3RsIGRhZW1vbi1yZWxvYWQKc3lzdGVtY3RsIHJlc3RhcnQga3ViZWxldAp5dW0gaW5zdGFsbCAteSBhbWF6b24tZWZzLXV0aWxzCm1rZGlyIC9kYXRhCmNobW9kIDc3NyAvZGF0YQojIEVGUyByZXNvdXJjZSB2YXJpYWJsZXMgbXVzdCBiZSB0aHJlZSBwYXJ0czogVFlQRS5OQU1FLkFUVFIKIyBUWVBFID0gYXdzX2Vmc19maWxlX3N5c3RlbQojIE5BTUUgPSBlZnMgICggdGhlIG5hbWUgeW91IGdhdmUgdG8gdGhlIEVGUyBmaWxlc3lzdGVtICApCiMgQVRUUiA9IGlkICggYXdzX2Vmc19maWxlX3N5c3RlbSBvdXRwdXRzIDIgYXR0cmlidXRlczogaWQgYW5kIGRucyBuYW1lICkKIyBTbyB3ZSBzdGlsbCBuZWVkIHRoZSBuYW1lIG9mIHRoZSBFRlMgZm9yIG1vdW50aW5nIGl0Lgptb3VudCAtdCBlZnMgZnMtYjM4OWQyMWE6LyAgL2RhdGEgCg==",
                            "vpc_classic_link_id": "",
                            "vpc_classic_link_security_groups.#": "0"
                        },
                        "meta": {},
                        "tainted": false
                    },
                    "deposed": [],
                    "provider": "provider.aws"
                },
                "aws_route_table.robmetrics": {
                    "type": "aws_route_table",
                    "depends_on": [
                        "aws_internet_gateway.robmetrics",
                        "aws_vpc.robmetrics"
                    ],
                    "primary": {
                        "id": "rtb-01622aefd3f42481f",
                        "attributes": {
                            "id": "rtb-01622aefd3f42481f",
                            "propagating_vgws.#": "0",
                            "route.#": "1",
                            "route.3848068649.cidr_block": "0.0.0.0/0",
                            "route.3848068649.egress_only_gateway_id": "",
                            "route.3848068649.gateway_id": "igw-07d43dd473284eaf5",
                            "route.3848068649.instance_id": "",
                            "route.3848068649.ipv6_cidr_block": "",
                            "route.3848068649.nat_gateway_id": "",
                            "route.3848068649.network_interface_id": "",
                            "route.3848068649.vpc_peering_connection_id": "",
                            "tags.%": "0",
                            "vpc_id": "vpc-0ddb330dcfe64c765"
                        },
                        "meta": {},
                        "tainted": false
                    },
                    "deposed": [],
                    "provider": "provider.aws"
                },
                "aws_route_table_association.robmetrics.0": {
                    "type": "aws_route_table_association",
                    "depends_on": [
                        "aws_route_table.robmetrics",
                        "aws_subnet.robmetrics.*"
                    ],
                    "primary": {
                        "id": "rtbassoc-042c9977baa9375c7",
                        "attributes": {
                            "id": "rtbassoc-042c9977baa9375c7",
                            "route_table_id": "rtb-01622aefd3f42481f",
                            "subnet_id": "subnet-04dbec3b20609d635"
                        },
                        "meta": {},
                        "tainted": false
                    },
                    "deposed": [],
                    "provider": "provider.aws"
                },
                "aws_route_table_association.robmetrics.1": {
                    "type": "aws_route_table_association",
                    "depends_on": [
                        "aws_route_table.robmetrics",
                        "aws_subnet.robmetrics.*"
                    ],
                    "primary": {
                        "id": "rtbassoc-0797f1470740b5edf",
                        "attributes": {
                            "id": "rtbassoc-0797f1470740b5edf",
                            "route_table_id": "rtb-01622aefd3f42481f",
                            "subnet_id": "subnet-075bcc04f8a112b73"
                        },
                        "meta": {},
                        "tainted": false
                    },
                    "deposed": [],
                    "provider": "provider.aws"
                },
                "aws_route_table_association.robmetrics.2": {
                    "type": "aws_route_table_association",
                    "depends_on": [
                        "aws_route_table.robmetrics",
                        "aws_subnet.robmetrics.*"
                    ],
                    "primary": {
                        "id": "rtbassoc-097e107dd4e066b1c",
                        "attributes": {
                            "id": "rtbassoc-097e107dd4e066b1c",
                            "route_table_id": "rtb-01622aefd3f42481f",
                            "subnet_id": "subnet-062a5ca110017ab0f"
                        },
                        "meta": {},
                        "tainted": false
                    },
                    "deposed": [],
                    "provider": "provider.aws"
                },
                "aws_security_group.efs": {
                    "type": "aws_security_group",
                    "depends_on": [
                        "aws_security_group.robmetrics-node",
                        "aws_vpc.robmetrics"
                    ],
                    "primary": {
                        "id": "sg-09723c0391e490442",
                        "attributes": {
                            "arn": "arn:aws:ec2:us-west-2:969526043371:security-group/sg-09723c0391e490442",
                            "description": "Allow NFS traffic.",
                            "egress.#": "1",
                            "egress.482069346.cidr_blocks.#": "1",
                            "egress.482069346.cidr_blocks.0": "0.0.0.0/0",
                            "egress.482069346.description": "",
                            "egress.482069346.from_port": "0",
                            "egress.482069346.ipv6_cidr_blocks.#": "0",
                            "egress.482069346.prefix_list_ids.#": "0",
                            "egress.482069346.protocol": "-1",
                            "egress.482069346.security_groups.#": "0",
                            "egress.482069346.self": "false",
                            "egress.482069346.to_port": "0",
                            "id": "sg-09723c0391e490442",
                            "ingress.#": "1",
                            "ingress.857139333.cidr_blocks.#": "0",
                            "ingress.857139333.description": "",
                            "ingress.857139333.from_port": "2049",
                            "ingress.857139333.ipv6_cidr_blocks.#": "0",
                            "ingress.857139333.protocol": "tcp",
                            "ingress.857139333.security_groups.#": "1",
                            "ingress.857139333.security_groups.3633063954": "sg-0940585f8e44d326b",
                            "ingress.857139333.self": "false",
                            "ingress.857139333.to_port": "2049",
                            "name": "efs-efs-c01",
                            "owner_id": "969526043371",
                            "revoke_rules_on_delete": "false",
                            "tags.%": "4",
                            "tags.Cluster": "01",
                            "tags.Environment": "test",
                            "tags.Name": "efs-c01",
                            "tags.Terraform": "true",
                            "vpc_id": "vpc-0ddb330dcfe64c765"
                        },
                        "meta": {
                            "e2bfb730-ecaa-11e6-8f88-34363bc7c4c0": {
                                "create": 600000000000,
                                "delete": 600000000000
                            },
                            "schema_version": "1"
                        },
                        "tainted": false
                    },
                    "deposed": [],
                    "provider": "provider.aws"
                },
                "aws_security_group.robmetrics-cluster": {
                    "type": "aws_security_group",
                    "depends_on": [
                        "aws_vpc.robmetrics"
                    ],
                    "primary": {
                        "id": "sg-07672b0b2102f55a2",
                        "attributes": {
                            "arn": "arn:aws:ec2:us-west-2:969526043371:security-group/sg-07672b0b2102f55a2",
                            "description": "Cluster communication with worker nodes",
                            "egress.#": "1",
                            "egress.482069346.cidr_blocks.#": "1",
                            "egress.482069346.cidr_blocks.0": "0.0.0.0/0",
                            "egress.482069346.description": "",
                            "egress.482069346.from_port": "0",
                            "egress.482069346.ipv6_cidr_blocks.#": "0",
                            "egress.482069346.prefix_list_ids.#": "0",
                            "egress.482069346.protocol": "-1",
                            "egress.482069346.security_groups.#": "0",
                            "egress.482069346.self": "false",
                            "egress.482069346.to_port": "0",
                            "id": "sg-07672b0b2102f55a2",
                            "ingress.#": "2",
                            "ingress.1055672266.cidr_blocks.#": "0",
                            "ingress.1055672266.description": "Allow pods to communicate with the cluster API Server",
                            "ingress.1055672266.from_port": "443",
                            "ingress.1055672266.ipv6_cidr_blocks.#": "0",
                            "ingress.1055672266.protocol": "tcp",
                            "ingress.1055672266.security_groups.#": "1",
                            "ingress.1055672266.security_groups.3633063954": "sg-0940585f8e44d326b",
                            "ingress.1055672266.self": "false",
                            "ingress.1055672266.to_port": "443",
                            "ingress.2863140457.cidr_blocks.#": "1",
                            "ingress.2863140457.cidr_blocks.0": "18.130.157.5/32",
                            "ingress.2863140457.description": "Allow workstation to communicate with the cluster API Server",
                            "ingress.2863140457.from_port": "443",
                            "ingress.2863140457.ipv6_cidr_blocks.#": "0",
                            "ingress.2863140457.protocol": "tcp",
                            "ingress.2863140457.security_groups.#": "0",
                            "ingress.2863140457.self": "false",
                            "ingress.2863140457.to_port": "443",
                            "name": "eks-robmetrics-cluster",
                            "owner_id": "969526043371",
                            "revoke_rules_on_delete": "false",
                            "tags.%": "1",
                            "tags.Name": "eks-robmetrics",
                            "vpc_id": "vpc-0ddb330dcfe64c765"
                        },
                        "meta": {
                            "e2bfb730-ecaa-11e6-8f88-34363bc7c4c0": {
                                "create": 600000000000,
                                "delete": 600000000000
                            },
                            "schema_version": "1"
                        },
                        "tainted": false
                    },
                    "deposed": [],
                    "provider": "provider.aws"
                },
                "aws_security_group.robmetrics-node": {
                    "type": "aws_security_group",
                    "depends_on": [
                        "aws_vpc.robmetrics",
                        "local.workstation-external-cidr"
                    ],
                    "primary": {
                        "id": "sg-0940585f8e44d326b",
                        "attributes": {
                            "arn": "arn:aws:ec2:us-west-2:969526043371:security-group/sg-0940585f8e44d326b",
                            "description": "Security group for all nodes in the cluster",
                            "egress.#": "1",
                            "egress.482069346.cidr_blocks.#": "1",
                            "egress.482069346.cidr_blocks.0": "0.0.0.0/0",
                            "egress.482069346.description": "",
                            "egress.482069346.from_port": "0",
                            "egress.482069346.ipv6_cidr_blocks.#": "0",
                            "egress.482069346.prefix_list_ids.#": "0",
                            "egress.482069346.protocol": "-1",
                            "egress.482069346.security_groups.#": "0",
                            "egress.482069346.self": "false",
                            "egress.482069346.to_port": "0",
                            "id": "sg-0940585f8e44d326b",
                            "ingress.#": "3",
                            "ingress.2278689831.cidr_blocks.#": "0",
                            "ingress.2278689831.description": "Allow node to communicate with each other",
                            "ingress.2278689831.from_port": "0",
                            "ingress.2278689831.ipv6_cidr_blocks.#": "0",
                            "ingress.2278689831.protocol": "-1",
                            "ingress.2278689831.security_groups.#": "0",
                            "ingress.2278689831.self": "true",
                            "ingress.2278689831.to_port": "0",
                            "ingress.651379010.cidr_blocks.#": "0",
                            "ingress.651379010.description": "Allow worker Kubelets and pods to receive communication from the cluster control plane",
                            "ingress.651379010.from_port": "1025",
                            "ingress.651379010.ipv6_cidr_blocks.#": "0",
                            "ingress.651379010.protocol": "tcp",
                            "ingress.651379010.security_groups.#": "1",
                            "ingress.651379010.security_groups.1156009239": "sg-07672b0b2102f55a2",
                            "ingress.651379010.self": "false",
                            "ingress.651379010.to_port": "65535",
                            "ingress.715564242.cidr_blocks.#": "1",
                            "ingress.715564242.cidr_blocks.0": "18.130.157.5/32",
                            "ingress.715564242.description": "Allow London Control Server to ssh into the worker node",
                            "ingress.715564242.from_port": "22",
                            "ingress.715564242.ipv6_cidr_blocks.#": "0",
                            "ingress.715564242.protocol": "tcp",
                            "ingress.715564242.security_groups.#": "0",
                            "ingress.715564242.self": "false",
                            "ingress.715564242.to_port": "22",
                            "name": "eks-robmetrics-node",
                            "owner_id": "969526043371",
                            "revoke_rules_on_delete": "false",
                            "tags.%": "2",
                            "tags.Name": "eks-robmetrics-node",
                            "tags.kubernetes.io/cluster/eks-robmetrics": "owned",
                            "vpc_id": "vpc-0ddb330dcfe64c765"
                        },
                        "meta": {
                            "e2bfb730-ecaa-11e6-8f88-34363bc7c4c0": {
                                "create": 600000000000,
                                "delete": 600000000000
                            },
                            "schema_version": "1"
                        },
                        "tainted": false
                    },
                    "deposed": [],
                    "provider": "provider.aws"
                },
                "aws_security_group_rule.robmetrics-cluster-ingress-node-https": {
                    "type": "aws_security_group_rule",
                    "depends_on": [
                        "aws_security_group.robmetrics-cluster",
                        "aws_security_group.robmetrics-node"
                    ],
                    "primary": {
                        "id": "sgrule-2349993278",
                        "attributes": {
                            "cidr_blocks.#": "0",
                            "description": "Allow pods to communicate with the cluster API Server",
                            "from_port": "443",
                            "id": "sgrule-2349993278",
                            "ipv6_cidr_blocks.#": "0",
                            "prefix_list_ids.#": "0",
                            "protocol": "tcp",
                            "security_group_id": "sg-07672b0b2102f55a2",
                            "self": "false",
                            "source_security_group_id": "sg-0940585f8e44d326b",
                            "to_port": "443",
                            "type": "ingress"
                        },
                        "meta": {
                            "schema_version": "2"
                        },
                        "tainted": false
                    },
                    "deposed": [],
                    "provider": "provider.aws"
                },
                "aws_security_group_rule.robmetrics-cluster-ingress-workstation-https": {
                    "type": "aws_security_group_rule",
                    "depends_on": [
                        "aws_security_group.robmetrics-cluster",
                        "local.workstation-external-cidr"
                    ],
                    "primary": {
                        "id": "sgrule-3372118965",
                        "attributes": {
                            "cidr_blocks.#": "1",
                            "cidr_blocks.0": "18.130.157.5/32",
                            "description": "Allow workstation to communicate with the cluster API Server",
                            "from_port": "443",
                            "id": "sgrule-3372118965",
                            "ipv6_cidr_blocks.#": "0",
                            "prefix_list_ids.#": "0",
                            "protocol": "tcp",
                            "security_group_id": "sg-07672b0b2102f55a2",
                            "self": "false",
                            "to_port": "443",
                            "type": "ingress"
                        },
                        "meta": {
                            "schema_version": "2"
                        },
                        "tainted": false
                    },
                    "deposed": [],
                    "provider": "provider.aws"
                },
                "aws_security_group_rule.robmetrics-node-ingress-cluster": {
                    "type": "aws_security_group_rule",
                    "depends_on": [
                        "aws_security_group.robmetrics-cluster",
                        "aws_security_group.robmetrics-node"
                    ],
                    "primary": {
                        "id": "sgrule-2238578091",
                        "attributes": {
                            "cidr_blocks.#": "0",
                            "description": "Allow worker Kubelets and pods to receive communication from the cluster control plane",
                            "from_port": "1025",
                            "id": "sgrule-2238578091",
                            "ipv6_cidr_blocks.#": "0",
                            "prefix_list_ids.#": "0",
                            "protocol": "tcp",
                            "security_group_id": "sg-0940585f8e44d326b",
                            "self": "false",
                            "source_security_group_id": "sg-07672b0b2102f55a2",
                            "to_port": "65535",
                            "type": "ingress"
                        },
                        "meta": {
                            "schema_version": "2"
                        },
                        "tainted": false
                    },
                    "deposed": [],
                    "provider": "provider.aws"
                },
                "aws_security_group_rule.robmetrics-node-ingress-londoncontrolserver": {
                    "type": "aws_security_group_rule",
                    "depends_on": [
                        "aws_security_group.robmetrics-node",
                        "local.workstation-external-cidr"
                    ],
                    "primary": {
                        "id": "sgrule-1526339844",
                        "attributes": {
                            "cidr_blocks.#": "1",
                            "cidr_blocks.0": "18.130.157.5/32",
                            "description": "Allow London Control Server to ssh into the worker node",
                            "from_port": "22",
                            "id": "sgrule-1526339844",
                            "ipv6_cidr_blocks.#": "0",
                            "prefix_list_ids.#": "0",
                            "protocol": "tcp",
                            "security_group_id": "sg-0940585f8e44d326b",
                            "self": "false",
                            "to_port": "22",
                            "type": "ingress"
                        },
                        "meta": {
                            "schema_version": "2"
                        },
                        "tainted": false
                    },
                    "deposed": [],
                    "provider": "provider.aws"
                },
                "aws_security_group_rule.robmetrics-node-ingress-self": {
                    "type": "aws_security_group_rule",
                    "depends_on": [
                        "aws_security_group.robmetrics-node"
                    ],
                    "primary": {
                        "id": "sgrule-4253365061",
                        "attributes": {
                            "cidr_blocks.#": "0",
                            "description": "Allow node to communicate with each other",
                            "from_port": "0",
                            "id": "sgrule-4253365061",
                            "ipv6_cidr_blocks.#": "0",
                            "prefix_list_ids.#": "0",
                            "protocol": "-1",
                            "security_group_id": "sg-0940585f8e44d326b",
                            "self": "false",
                            "source_security_group_id": "sg-0940585f8e44d326b",
                            "to_port": "65535",
                            "type": "ingress"
                        },
                        "meta": {
                            "schema_version": "2"
                        },
                        "tainted": false
                    },
                    "deposed": [],
                    "provider": "provider.aws"
                },
                "aws_subnet.robmetrics.0": {
                    "type": "aws_subnet",
                    "depends_on": [
                        "aws_vpc.robmetrics",
                        "data.aws_availability_zones.available"
                    ],
                    "primary": {
                        "id": "subnet-04dbec3b20609d635",
                        "attributes": {
                            "assign_ipv6_address_on_creation": "false",
                            "availability_zone": "us-west-2a",
                            "cidr_block": "10.1.0.0/24",
                            "id": "subnet-04dbec3b20609d635",
                            "map_public_ip_on_launch": "false",
                            "tags.%": "2",
                            "tags.Name": "eks-robmetrics-node",
                            "tags.kubernetes.io/cluster/eks-robmetrics": "shared",
                            "vpc_id": "vpc-0ddb330dcfe64c765"
                        },
                        "meta": {
                            "schema_version": "1"
                        },
                        "tainted": false
                    },
                    "deposed": [],
                    "provider": "provider.aws"
                },
                "aws_subnet.robmetrics.1": {
                    "type": "aws_subnet",
                    "depends_on": [
                        "aws_vpc.robmetrics",
                        "data.aws_availability_zones.available"
                    ],
                    "primary": {
                        "id": "subnet-075bcc04f8a112b73",
                        "attributes": {
                            "assign_ipv6_address_on_creation": "false",
                            "availability_zone": "us-west-2b",
                            "cidr_block": "10.1.1.0/24",
                            "id": "subnet-075bcc04f8a112b73",
                            "map_public_ip_on_launch": "false",
                            "tags.%": "2",
                            "tags.Name": "eks-robmetrics-node",
                            "tags.kubernetes.io/cluster/eks-robmetrics": "shared",
                            "vpc_id": "vpc-0ddb330dcfe64c765"
                        },
                        "meta": {
                            "schema_version": "1"
                        },
                        "tainted": false
                    },
                    "deposed": [],
                    "provider": "provider.aws"
                },
                "aws_subnet.robmetrics.2": {
                    "type": "aws_subnet",
                    "depends_on": [
                        "aws_vpc.robmetrics",
                        "data.aws_availability_zones.available"
                    ],
                    "primary": {
                        "id": "subnet-062a5ca110017ab0f",
                        "attributes": {
                            "assign_ipv6_address_on_creation": "false",
                            "availability_zone": "us-west-2c",
                            "cidr_block": "10.1.2.0/24",
                            "id": "subnet-062a5ca110017ab0f",
                            "map_public_ip_on_launch": "false",
                            "tags.%": "2",
                            "tags.Name": "eks-robmetrics-node",
                            "tags.kubernetes.io/cluster/eks-robmetrics": "shared",
                            "vpc_id": "vpc-0ddb330dcfe64c765"
                        },
                        "meta": {
                            "schema_version": "1"
                        },
                        "tainted": false
                    },
                    "deposed": [],
                    "provider": "provider.aws"
                },
                "aws_vpc.robmetrics": {
                    "type": "aws_vpc",
                    "depends_on": [],
                    "primary": {
                        "id": "vpc-0ddb330dcfe64c765",
                        "attributes": {
                            "arn": "arn:aws:ec2:us-west-2:969526043371:vpc/vpc-0ddb330dcfe64c765",
                            "assign_generated_ipv6_cidr_block": "false",
                            "cidr_block": "10.1.0.0/16",
                            "default_network_acl_id": "acl-03a4f1040776dcd15",
                            "default_route_table_id": "rtb-043f17de76c5ab593",
                            "default_security_group_id": "sg-02b3803f7cf4217e1",
                            "dhcp_options_id": "dopt-1896a47f",
                            "enable_classiclink": "false",
                            "enable_classiclink_dns_support": "false",
                            "enable_dns_hostnames": "true",
                            "enable_dns_support": "true",
                            "id": "vpc-0ddb330dcfe64c765",
                            "instance_tenancy": "default",
                            "main_route_table_id": "rtb-043f17de76c5ab593",
                            "tags.%": "2",
                            "tags.Name": "eks-robmetrics-node",
                            "tags.kubernetes.io/cluster/eks-robmetrics": "shared"
                        },
                        "meta": {
                            "schema_version": "1"
                        },
                        "tainted": false
                    },
                    "deposed": [],
                    "provider": "provider.aws"
                },
                "data.aws_ami.eks-worker": {
                    "type": "aws_ami",
                    "depends_on": [],
                    "primary": {
                        "id": "ami-02415125ccd555295",
                        "attributes": {
                            "architecture": "x86_64",
                            "block_device_mappings.#": "1",
                            "block_device_mappings.3798922657.device_name": "/dev/xvda",
                            "block_device_mappings.3798922657.ebs.%": "6",
                            "block_device_mappings.3798922657.ebs.delete_on_termination": "true",
                            "block_device_mappings.3798922657.ebs.encrypted": "false",
                            "block_device_mappings.3798922657.ebs.iops": "0",
                            "block_device_mappings.3798922657.ebs.snapshot_id": "snap-0debdf4e2b627dffa",
                            "block_device_mappings.3798922657.ebs.volume_size": "20",
                            "block_device_mappings.3798922657.ebs.volume_type": "gp2",
                            "block_device_mappings.3798922657.no_device": "",
                            "block_device_mappings.3798922657.virtual_name": "",
                            "creation_date": "2018-08-14T21:02:37.000Z",
                            "description": "EKS Kubernetes Worker AMI with AmazonLinux2 image",
                            "filter.#": "1",
                            "filter.2070637487.name": "name",
                            "filter.2070637487.values.#": "1",
                            "filter.2070637487.values.0": "eks-worker-*",
                            "hypervisor": "xen",
                            "id": "ami-02415125ccd555295",
                            "image_id": "ami-02415125ccd555295",
                            "image_location": "602401143452/eks-worker-v22",
                            "image_type": "machine",
                            "most_recent": "true",
                            "name": "eks-worker-v22",
                            "owner_id": "602401143452",
                            "owners.#": "1",
                            "owners.0": "602401143452",
                            "product_codes.#": "0",
                            "public": "true",
                            "root_device_name": "/dev/xvda",
                            "root_device_type": "ebs",
                            "root_snapshot_id": "snap-0debdf4e2b627dffa",
                            "sriov_net_support": "simple",
                            "state": "available",
                            "state_reason.%": "2",
                            "state_reason.code": "UNSET",
                            "state_reason.message": "UNSET",
                            "tags.%": "0",
                            "virtualization_type": "hvm"
                        },
                        "meta": {},
                        "tainted": false
                    },
                    "deposed": [],
                    "provider": "provider.aws"
                },
                "data.aws_availability_zones.available": {
                    "type": "aws_availability_zones",
                    "depends_on": [],
                    "primary": {
                        "id": "2018-09-05 14:15:58.380824908 +0000 UTC",
                        "attributes": {
                            "id": "2018-09-05 14:15:58.380824908 +0000 UTC",
                            "names.#": "3",
                            "names.0": "us-west-2a",
                            "names.1": "us-west-2b",
                            "names.2": "us-west-2c"
                        },
                        "meta": {},
                        "tainted": false
                    },
                    "deposed": [],
                    "provider": "provider.aws"
                },
                "data.aws_region.current": {
                    "type": "aws_region",
                    "depends_on": [],
                    "primary": {
                        "id": "us-west-2",
                        "attributes": {
                            "current": "true",
                            "description": "US West (Oregon)",
                            "endpoint": "ec2.us-west-2.amazonaws.com",
                            "id": "us-west-2",
                            "name": "us-west-2"
                        },
                        "meta": {},
                        "tainted": false
                    },
                    "deposed": [],
                    "provider": "provider.aws"
                },
                "data.aws_subnet_ids.eks-robmetrics-node": {
                    "type": "aws_subnet_ids",
                    "depends_on": [
                        "aws_vpc.robmetrics"
                    ],
                    "primary": {
                        "id": "vpc-0ddb330dcfe64c765",
                        "attributes": {
                            "id": "vpc-0ddb330dcfe64c765",
                            "ids.#": "3",
                            "ids.1732668981": "subnet-04dbec3b20609d635",
                            "ids.3767169402": "subnet-062a5ca110017ab0f",
                            "ids.490231935": "subnet-075bcc04f8a112b73",
                            "tags.%": "1",
                            "tags.Name": "eks-robmetrics-node",
                            "vpc_id": "vpc-0ddb330dcfe64c765"
                        },
                        "meta": {},
                        "tainted": false
                    },
                    "deposed": [],
                    "provider": "provider.aws"
                }
            },
            "depends_on": []
        }
    ]
}
